
Microsoft Visual Studio Solution File, Format Version 10.00
# Visual Studio 2008
Project("{FAE04EC0-301F-11D3-BF4B-00C04F79EFBC}") = "ByteCore.FerryBooking.Web", "ByteCore.FerryBooking.Web\ByteCore.FerryBooking.Web.csproj", "{5237121F-0915-48F3-904B-74BE380D4736}"
	ProjectSection(ProjectDependencies) = postProject
		{D5CA4611-DE8D-4095-BF21-7358148BB128} = {D5CA4611-DE8D-4095-BF21-7358148BB128}
		{10C0641B-7D92-4B3A-84F4-34816BBC675B} = {10C0641B-7D92-4B3A-84F4-34816BBC675B}
		{36FD963E-6CC6-4AD4-B2AD-EEF9CA3FF708} = {36FD963E-6CC6-4AD4-B2AD-EEF9CA3FF708}
	EndProjectSection
EndProject
Project("{FAE04EC0-301F-11D3-BF4B-00C04F79EFBC}") = "ByteCore.FerryBooking.Core", "ByteCore.FerryBooking.Core\ByteCore.FerryBooking.Core.csproj", "{10C0641B-7D92-4B3A-84F4-34816BBC675B}"
	ProjectSection(ProjectDependencies) = postProject
		{D5CA4611-DE8D-4095-BF21-7358148BB128} = {D5CA4611-DE8D-4095-BF21-7358148BB128}
	EndProjectSection
EndProject
Project("{FAE04EC0-301F-11D3-BF4B-00C04F79EFBC}") = "ByteCore.FerryBooking.Data", "ByteCore.FerryBooking.Data\ByteCore.FerryBooking.Data.csproj", "{36FD963E-6CC6-4AD4-B2AD-EEF9CA3FF708}"
	ProjectSection(ProjectDependencies) = postProject
		{D5CA4611-DE8D-4095-BF21-7358148BB128} = {D5CA4611-DE8D-4095-BF21-7358148BB128}
		{10C0641B-7D92-4B3A-84F4-34816BBC675B} = {10C0641B-7D92-4B3A-84F4-34816BBC675B}
	EndProjectSection
EndProject
Project("{FAE04EC0-301F-11D3-BF4B-00C04F79EFBC}") = "GreenTea", "GreenTea\GreenTea.csproj", "{D5CA4611-DE8D-4095-BF21-7358148BB128}"
EndProject
Global
	GlobalSection(SolutionConfigurationPlatforms) = preSolution
		Debug|Any CPU = Debug|Any CPU
		Release|Any CPU = Release|Any CPU
	EndGlobalSection
	GlobalSection(ProjectConfigurationPlatforms) = postSolution
		{5237121F-0915-48F3-904B-74BE380D4736}.Debug|Any CPU.ActiveCfg = Debug|Any CPU
		{5237121F-0915-48F3-904B-74BE380D4736}.Debug|Any CPU.Build.0 = Debug|Any CPU
		{5237121F-0915-48F3-904B-74BE380D4736}.Release|Any CPU.ActiveCfg = Release|Any CPU
		{5237121F-0915-48F3-904B-74BE380D4736}.Release|Any CPU.Build.0 = Release|Any CPU
		{10C0641B-7D92-4B3A-84F4-34816BBC675B}.Debug|Any CPU.ActiveCfg = Debug|Any CPU
		{10C0641B-7D92-4B3A-84F4-34816BBC675B}.Debug|Any CPU.Build.0 = Debug|Any CPU
		{10C0641B-7D92-4B3A-84F4-34816BBC675B}.Release|Any CPU.ActiveCfg = Release|Any CPU
		{10C0641B-7D92-4B3A-84F4-34816BBC675B}.Release|Any CPU.Build.0 = Release|Any CPU
		{36FD963E-6CC6-4AD4-B2AD-EEF9CA3FF708}.Debug|Any CPU.ActiveCfg = Debug|Any CPU
		{36FD963E-6CC6-4AD4-B2AD-EEF9CA3FF708}.Debug|Any CPU.Build.0 = Debug|Any CPU
		{36FD963E-6CC6-4AD4-B2AD-EEF9CA3FF708}.Release|Any CPU.ActiveCfg = Release|Any CPU
		{36FD963E-6CC6-4AD4-B2AD-EEF9CA3FF708}.Release|Any CPU.Build.0 = Release|Any CPU
		{D5CA4611-DE8D-4095-BF21-7358148BB128}.Debug|Any CPU.ActiveCfg = Debug|Any CPU
		{D5CA4611-DE8D-4095-BF21-7358148BB128}.Debug|Any CPU.Build.0 = Debug|Any CPU
		{D5CA4611-DE8D-4095-BF21-7358148BB128}.Release|Any CPU.ActiveCfg = Release|Any CPU
		{D5CA4611-DE8D-4095-BF21-7358148BB128}.Release|Any CPU.Build.0 = Release|Any CPU
	EndGlobalSection
	GlobalSection(SolutionProperties) = preSolution
		HideSolutionNode = FALSE
	EndGlobalSection
EndGlobal
