
Microsoft Visual Studio Solution File, Format Version 10.00
# Visual Studio 2008
Project("{FAE04EC0-301F-11D3-BF4B-00C04F79EFBC}") = "ByteCore.FerryBooking.Web", "ByteCore.FerryBooking.Web\ByteCore.FerryBooking.Web.csproj", "{07A587F8-BDA4-4563-9642-EA7C70613655}"
	ProjectSection(ProjectDependencies) = postProject
		{D5CA4611-DE8D-4095-BF21-7358148BB128} = {D5CA4611-DE8D-4095-BF21-7358148BB128}
		{7CC40C28-39C6-4ABA-B9B0-0BD867EBB1A1} = {7CC40C28-39C6-4ABA-B9B0-0BD867EBB1A1}
		{78136736-4658-4F76-BFAE-1597CD6E9357} = {78136736-4658-4F76-BFAE-1597CD6E9357}
	EndProjectSection
EndProject
Project("{FAE04EC0-301F-11D3-BF4B-00C04F79EFBC}") = "ByteCore.FerryBooking.Core", "ByteCore.FerryBooking.Core\ByteCore.FerryBooking.Core.csproj", "{7CC40C28-39C6-4ABA-B9B0-0BD867EBB1A1}"
	ProjectSection(ProjectDependencies) = postProject
		{D5CA4611-DE8D-4095-BF21-7358148BB128} = {D5CA4611-DE8D-4095-BF21-7358148BB128}
	EndProjectSection
EndProject
Project("{FAE04EC0-301F-11D3-BF4B-00C04F79EFBC}") = "ByteCore.FerryBooking.Data", "ByteCore.FerryBooking.Data\ByteCore.FerryBooking.Data.csproj", "{78136736-4658-4F76-BFAE-1597CD6E9357}"
	ProjectSection(ProjectDependencies) = postProject
		{D5CA4611-DE8D-4095-BF21-7358148BB128} = {D5CA4611-DE8D-4095-BF21-7358148BB128}
		{7CC40C28-39C6-4ABA-B9B0-0BD867EBB1A1} = {7CC40C28-39C6-4ABA-B9B0-0BD867EBB1A1}
	EndProjectSection
EndProject
Project("{FAE04EC0-301F-11D3-BF4B-00C04F79EFBC}") = "GreenTea", "..\..\NHFramework\GreenTea\GreenTea.csproj", "{D5CA4611-DE8D-4095-BF21-7358148BB128}"
EndProject
Global
	GlobalSection(SolutionConfigurationPlatforms) = preSolution
		Debug|Any CPU = Debug|Any CPU
		Release|Any CPU = Release|Any CPU
	EndGlobalSection
	GlobalSection(ProjectConfigurationPlatforms) = postSolution
		{07A587F8-BDA4-4563-9642-EA7C70613655}.Debug|Any CPU.ActiveCfg = Debug|Any CPU
		{07A587F8-BDA4-4563-9642-EA7C70613655}.Debug|Any CPU.Build.0 = Debug|Any CPU
		{07A587F8-BDA4-4563-9642-EA7C70613655}.Release|Any CPU.ActiveCfg = Release|Any CPU
		{07A587F8-BDA4-4563-9642-EA7C70613655}.Release|Any CPU.Build.0 = Release|Any CPU
		{7CC40C28-39C6-4ABA-B9B0-0BD867EBB1A1}.Debug|Any CPU.ActiveCfg = Debug|Any CPU
		{7CC40C28-39C6-4ABA-B9B0-0BD867EBB1A1}.Debug|Any CPU.Build.0 = Debug|Any CPU
		{7CC40C28-39C6-4ABA-B9B0-0BD867EBB1A1}.Release|Any CPU.ActiveCfg = Release|Any CPU
		{7CC40C28-39C6-4ABA-B9B0-0BD867EBB1A1}.Release|Any CPU.Build.0 = Release|Any CPU
		{78136736-4658-4F76-BFAE-1597CD6E9357}.Debug|Any CPU.ActiveCfg = Debug|Any CPU
		{78136736-4658-4F76-BFAE-1597CD6E9357}.Debug|Any CPU.Build.0 = Debug|Any CPU
		{78136736-4658-4F76-BFAE-1597CD6E9357}.Release|Any CPU.ActiveCfg = Release|Any CPU
		{78136736-4658-4F76-BFAE-1597CD6E9357}.Release|Any CPU.Build.0 = Release|Any CPU
		{D5CA4611-DE8D-4095-BF21-7358148BB128}.Debug|Any CPU.ActiveCfg = Debug|Any CPU
		{D5CA4611-DE8D-4095-BF21-7358148BB128}.Debug|Any CPU.Build.0 = Debug|Any CPU
		{D5CA4611-DE8D-4095-BF21-7358148BB128}.Release|Any CPU.ActiveCfg = Release|Any CPU
		{D5CA4611-DE8D-4095-BF21-7358148BB128}.Release|Any CPU.Build.0 = Release|Any CPU
	EndGlobalSection
	GlobalSection(SolutionProperties) = preSolution
		HideSolutionNode = FALSE
	EndGlobalSection
EndGlobal
